// !$*UTF8*$!
{
	archiveVersion = 1;
	classes = {
	};
	objectVersion = 51;
	objects = {

/* Begin PBXBuildFile section */
		0502CEEFAA934120DBFD7946 /* Pods_NexSeedChat.framework in Frameworks */ = {isa = PBXBuildFile; fileRef = 5E5F86960F08FC7488901C40 /* Pods_NexSeedChat.framework */; };
		9F46C432230955100005DCEA /* AppDelegate.swift in Sources */ = {isa = PBXBuildFile; fileRef = 9F46C431230955100005DCEA /* AppDelegate.swift */; };
		9F46C434230955100005DCEA /* ViewController.swift in Sources */ = {isa = PBXBuildFile; fileRef = 9F46C433230955100005DCEA /* ViewController.swift */; };
		9F46C437230955100005DCEA /* Main.storyboard in Resources */ = {isa = PBXBuildFile; fileRef = 9F46C435230955100005DCEA /* Main.storyboard */; };
		9F46C439230955110005DCEA /* Assets.xcassets in Resources */ = {isa = PBXBuildFile; fileRef = 9F46C438230955110005DCEA /* Assets.xcassets */; };
		9F46C43C230955110005DCEA /* LaunchScreen.storyboard in Resources */ = {isa = PBXBuildFile; fileRef = 9F46C43A230955110005DCEA /* LaunchScreen.storyboard */; };
		9F46C444230957230005DCEA /* ChatViewController.swift in Sources */ = {isa = PBXBuildFile; fileRef = 9F46C443230957230005DCEA /* ChatViewController.swift */; };
		9F46C448230957770005DCEA /* Message.swift in Sources */ = {isa = PBXBuildFile; fileRef = 9F46C447230957770005DCEA /* Message.swift */; };
		9F46C44B230957970005DCEA /* ChatUser.swift in Sources */ = {isa = PBXBuildFile; fileRef = 9F46C44A230957970005DCEA /* ChatUser.swift */; };
/* End PBXBuildFile section */

/* Begin PBXFileReference section */
		44D948E1693D1707044616C9 /* Pods-NexSeedChat.release.xcconfig */ = {isa = PBXFileReference; includeInIndex = 1; lastKnownFileType = text.xcconfig; name = "Pods-NexSeedChat.release.xcconfig"; path = "Target Support Files/Pods-NexSeedChat/Pods-NexSeedChat.release.xcconfig"; sourceTree = "<group>"; };
		5E5F86960F08FC7488901C40 /* Pods_NexSeedChat.framework */ = {isa = PBXFileReference; explicitFileType = wrapper.framework; includeInIndex = 0; path = Pods_NexSeedChat.framework; sourceTree = BUILT_PRODUCTS_DIR; };
		9F46C42E230955100005DCEA /* NexSeedChat.app */ = {isa = PBXFileReference; explicitFileType = wrapper.application; includeInIndex = 0; path = NexSeedChat.app; sourceTree = BUILT_PRODUCTS_DIR; };
		9F46C431230955100005DCEA /* AppDelegate.swift */ = {isa = PBXFileReference; lastKnownFileType = sourcecode.swift; path = AppDelegate.swift; sourceTree = "<group>"; };
		9F46C433230955100005DCEA /* ViewController.swift */ = {isa = PBXFileReference; lastKnownFileType = sourcecode.swift; path = ViewController.swift; sourceTree = "<group>"; };
		9F46C436230955100005DCEA /* Base */ = {isa = PBXFileReference; lastKnownFileType = file.storyboard; name = Base; path = Base.lproj/Main.storyboard; sourceTree = "<group>"; };
		9F46C438230955110005DCEA /* Assets.xcassets */ = {isa = PBXFileReference; lastKnownFileType = folder.assetcatalog; path = Assets.xcassets; sourceTree = "<group>"; };
		9F46C43B230955110005DCEA /* Base */ = {isa = PBXFileReference; lastKnownFileType = file.storyboard; name = Base; path = Base.lproj/LaunchScreen.storyboard; sourceTree = "<group>"; };
		9F46C43D230955110005DCEA /* Info.plist */ = {isa = PBXFileReference; lastKnownFileType = text.plist.xml; path = Info.plist; sourceTree = "<group>"; };
		9F46C443230957230005DCEA /* ChatViewController.swift */ = {isa = PBXFileReference; lastKnownFileType = sourcecode.swift; path = ChatViewController.swift; sourceTree = "<group>"; };
		9F46C447230957770005DCEA /* Message.swift */ = {isa = PBXFileReference; lastKnownFileType = sourcecode.swift; path = Message.swift; sourceTree = "<group>"; };
		9F46C44A230957970005DCEA /* ChatUser.swift */ = {isa = PBXFileReference; lastKnownFileType = sourcecode.swift; path = ChatUser.swift; sourceTree = "<group>"; };
		FF2D2B517D4EFCAB41C1DE7A /* Pods-NexSeedChat.debug.xcconfig */ = {isa = PBXFileReference; includeInIndex = 1; lastKnownFileType = text.xcconfig; name = "Pods-NexSeedChat.debug.xcconfig"; path = "Target Support Files/Pods-NexSeedChat/Pods-NexSeedChat.debug.xcconfig"; sourceTree = "<group>"; };
/* End PBXFileReference section */

/* Begin PBXFrameworksBuildPhase section */
		9F46C42B230955100005DCEA /* Frameworks */ = {
			isa = PBXFrameworksBuildPhase;
			buildActionMask = 2147483647;
			files = (
				0502CEEFAA934120DBFD7946 /* Pods_NexSeedChat.framework in Frameworks */,
			);
			runOnlyForDeploymentPostprocessing = 0;
		};
/* End PBXFrameworksBuildPhase section */

/* Begin PBXGroup section */
		9F46C425230955100005DCEA = {
			isa = PBXGroup;
			children = (
				9F46C430230955100005DCEA /* NexSeedChat */,
				9F46C42F230955100005DCEA /* Products */,
				A3845920D8E44C4423C899CE /* Pods */,
				E92C22A1FB55566B8DDAFB31 /* Frameworks */,
			);
			sourceTree = "<group>";
		};
		9F46C42F230955100005DCEA /* Products */ = {
			isa = PBXGroup;
			children = (
				9F46C42E230955100005DCEA /* NexSeedChat.app */,
			);
			name = Products;
			sourceTree = "<group>";
		};
		9F46C430230955100005DCEA /* NexSeedChat */ = {
			isa = PBXGroup;
			children = (
				9F46C446230957590005DCEA /* Objects */,
				9F46C431230955100005DCEA /* AppDelegate.swift */,
				9F46C4452309574D0005DCEA /* Controller */,
				9F46C435230955100005DCEA /* Main.storyboard */,
				9F46C438230955110005DCEA /* Assets.xcassets */,
				9F46C43A230955110005DCEA /* LaunchScreen.storyboard */,
				9F46C43D230955110005DCEA /* Info.plist */,
			);
			path = NexSeedChat;
			sourceTree = "<group>";
		};
		9F46C4452309574D0005DCEA /* Controller */ = {
			isa = PBXGroup;
			children = (
				9F46C433230955100005DCEA /* ViewController.swift */,
				9F46C443230957230005DCEA /* ChatViewController.swift */,
			);
			path = Controller;
			sourceTree = "<group>";
		};
		9F46C446230957590005DCEA /* Objects */ = {
			isa = PBXGroup;
			children = (
				9F46C447230957770005DCEA /* Message.swift */,
				9F46C44A230957970005DCEA /* ChatUser.swift */,
			);
			path = Objects;
			sourceTree = "<group>";
		};
		A3845920D8E44C4423C899CE /* Pods */ = {
			isa = PBXGroup;
			children = (
				FF2D2B517D4EFCAB41C1DE7A /* Pods-NexSeedChat.debug.xcconfig */,
				44D948E1693D1707044616C9 /* Pods-NexSeedChat.release.xcconfig */,
			);
			path = Pods;
			sourceTree = "<group>";
		};
		E92C22A1FB55566B8DDAFB31 /* Frameworks */ = {
			isa = PBXGroup;
			children = (
				5E5F86960F08FC7488901C40 /* Pods_NexSeedChat.framework */,
			);
			name = Frameworks;
			sourceTree = "<group>";
		};
/* End PBXGroup section */

/* Begin PBXNativeTarget section */
		9F46C42D230955100005DCEA /* NexSeedChat */ = {
			isa = PBXNativeTarget;
			buildConfigurationList = 9F46C440230955110005DCEA /* Build configuration list for PBXNativeTarget "NexSeedChat" */;
			buildPhases = (
				9D62FB9CEF0CC77467379CC1 /* [CP] Check Pods Manifest.lock */,
				9F46C42A230955100005DCEA /* Sources */,
				9F46C42B230955100005DCEA /* Frameworks */,
				9F46C42C230955100005DCEA /* Resources */,
				3968831454D67706808C69B9 /* [CP] Embed Pods Frameworks */,
				2B7C13690432A5C289018DC9 /* [CP] Copy Pods Resources */,
			);
			buildRules = (
			);
			dependencies = (
			);
			name = NexSeedChat;
			productName = NexSeedChat;
			productReference = 9F46C42E230955100005DCEA /* NexSeedChat.app */;
			productType = "com.apple.product-type.application";
		};
/* End PBXNativeTarget section */

/* Begin PBXProject section */
		9F46C426230955100005DCEA /* Project object */ = {
			isa = PBXProject;
			attributes = {
				LastSwiftUpdateCheck = 1030;
				LastUpgradeCheck = 1030;
				ORGANIZATIONNAME = "安藤奨";
				TargetAttributes = {
					9F46C42D230955100005DCEA = {
						CreatedOnToolsVersion = 10.3;
					};
				};
			};
			buildConfigurationList = 9F46C429230955100005DCEA /* Build configuration list for PBXProject "NexSeedChat" */;
			compatibilityVersion = "Xcode 9.3";
			developmentRegion = en;
			hasScannedForEncodings = 0;
			knownRegions = (
				en,
				Base,
			);
			mainGroup = 9F46C425230955100005DCEA;
			productRefGroup = 9F46C42F230955100005DCEA /* Products */;
			projectDirPath = "";
			projectRoot = "";
			targets = (
				9F46C42D230955100005DCEA /* NexSeedChat */,
			);
		};
/* End PBXProject section */

/* Begin PBXResourcesBuildPhase section */
		9F46C42C230955100005DCEA /* Resources */ = {
			isa = PBXResourcesBuildPhase;
			buildActionMask = 2147483647;
			files = (
				9F46C43C230955110005DCEA /* LaunchScreen.storyboard in Resources */,
				9F46C439230955110005DCEA /* Assets.xcassets in Resources */,
				9F46C437230955100005DCEA /* Main.storyboard in Resources */,
			);
			runOnlyForDeploymentPostprocessing = 0;
		};
/* End PBXResourcesBuildPhase section */

/* Begin PBXShellScriptBuildPhase section */
		2B7C13690432A5C289018DC9 /* [CP] Copy Pods Resources */ = {
			isa = PBXShellScriptBuildPhase;
			buildActionMask = 2147483647;
			files = (
			);
			inputFileListPaths = (
				"${PODS_ROOT}/Target Support Files/Pods-NexSeedChat/Pods-NexSeedChat-resources-${CONFIGURATION}-input-files.xcfilelist",
			);
			name = "[CP] Copy Pods Resources";
			outputFileListPaths = (
				"${PODS_ROOT}/Target Support Files/Pods-NexSeedChat/Pods-NexSeedChat-resources-${CONFIGURATION}-output-files.xcfilelist",
			);
			runOnlyForDeploymentPostprocessing = 0;
			shellPath = /bin/sh;
			shellScript = "\"${PODS_ROOT}/Target Support Files/Pods-NexSeedChat/Pods-NexSeedChat-resources.sh\"\n";
			showEnvVarsInLog = 0;
		};
		3968831454D67706808C69B9 /* [CP] Embed Pods Frameworks */ = {
			isa = PBXShellScriptBuildPhase;
			buildActionMask = 2147483647;
			files = (
			);
			inputFileListPaths = (
				"${PODS_ROOT}/Target Support Files/Pods-NexSeedChat/Pods-NexSeedChat-frameworks-${CONFIGURATION}-input-files.xcfilelist",
			);
			name = "[CP] Embed Pods Frameworks";
			outputFileListPaths = (
				"${PODS_ROOT}/Target Support Files/Pods-NexSeedChat/Pods-NexSeedChat-frameworks-${CONFIGURATION}-output-files.xcfilelist",
			);
			runOnlyForDeploymentPostprocessing = 0;
			shellPath = /bin/sh;
			shellScript = "\"${PODS_ROOT}/Target Support Files/Pods-NexSeedChat/Pods-NexSeedChat-frameworks.sh\"\n";
			showEnvVarsInLog = 0;
		};
		9D62FB9CEF0CC77467379CC1 /* [CP] Check Pods Manifest.lock */ = {
			isa = PBXShellScriptBuildPhase;
			buildActionMask = 2147483647;
			files = (
			);
			inputFileListPaths = (
			);
			inputPaths = (
				"${PODS_PODFILE_DIR_PATH}/Podfile.lock",
				"${PODS_ROOT}/Manifest.lock",
			);
			name = "[CP] Check Pods Manifest.lock";
			outputFileListPaths = (
			);
			outputPaths = (
				"$(DERIVED_FILE_DIR)/Pods-NexSeedChat-checkManifestLockResult.txt",
			);
			runOnlyForDeploymentPostprocessing = 0;
			shellPath = /bin/sh;
			shellScript = "diff \"${PODS_PODFILE_DIR_PATH}/Podfile.lock\" \"${PODS_ROOT}/Manifest.lock\" > /dev/null\nif [ $? != 0 ] ; then\n    # print error to STDERR\n    echo \"error: The sandbox is not in sync with the Podfile.lock. Run 'pod install' or update your CocoaPods installation.\" >&2\n    exit 1\nfi\n# This output is used by Xcode 'outputs' to avoid re-running this script phase.\necho \"SUCCESS\" > \"${SCRIPT_OUTPUT_FILE_0}\"\n";
			showEnvVarsInLog = 0;
		};
/* End PBXShellScriptBuildPhase section */

/* Begin PBXSourcesBuildPhase section */
		9F46C42A230955100005DCEA /* Sources */ = {
			isa = PBXSourcesBuildPhase;
			buildActionMask = 2147483647;
			files = (
				9F46C434230955100005DCEA /* ViewController.swift in Sources */,
				9F46C448230957770005DCEA /* Message.swift in Sources */,
				9F46C444230957230005DCEA /* ChatViewController.swift in Sources */,
				9F46C432230955100005DCEA /* AppDelegate.swift in Sources */,
				9F46C44B230957970005DCEA /* ChatUser.swift in Sources */,
			);
			runOnlyForDeploymentPostprocessing = 0;
		};
/* End PBXSourcesBuildPhase section */

/* Begin PBXVariantGroup section */
		9F46C435230955100005DCEA /* Main.storyboard */ = {
			isa = PBXVariantGroup;
			children = (
				9F46C436230955100005DCEA /* Base */,
			);
			name = Main.storyboard;
			sourceTree = "<group>";
		};
		9F46C43A230955110005DCEA /* LaunchScreen.storyboard */ = {
			isa = PBXVariantGroup;
			children = (
				9F46C43B230955110005DCEA /* Base */,
			);
			name = LaunchScreen.storyboard;
			sourceTree = "<group>";
		};
/* End PBXVariantGroup section */

/* Begin XCBuildConfiguration section */
		9F46C43E230955110005DCEA /* Debug */ = {
			isa = XCBuildConfiguration;
			buildSettings = {
				ALWAYS_SEARCH_USER_PATHS = NO;
				CLANG_ANALYZER_NONNULL = YES;
				CLANG_ANALYZER_NUMBER_OBJECT_CONVERSION = YES_AGGRESSIVE;
				CLANG_CXX_LANGUAGE_STANDARD = "gnu++14";
				CLANG_CXX_LIBRARY = "libc++";
				CLANG_ENABLE_MODULES = YES;
				CLANG_ENABLE_OBJC_ARC = YES;
				CLANG_ENABLE_OBJC_WEAK = YES;
				CLANG_WARN_BLOCK_CAPTURE_AUTORELEASING = YES;
				CLANG_WARN_BOOL_CONVERSION = YES;
				CLANG_WARN_COMMA = YES;
				CLANG_WARN_CONSTANT_CONVERSION = YES;
				CLANG_WARN_DEPRECATED_OBJC_IMPLEMENTATIONS = YES;
				CLANG_WARN_DIRECT_OBJC_ISA_USAGE = YES_ERROR;
				CLANG_WARN_DOCUMENTATION_COMMENTS = YES;
				CLANG_WARN_EMPTY_BODY = YES;
				CLANG_WARN_ENUM_CONVERSION = YES;
				CLANG_WARN_INFINITE_RECURSION = YES;
				CLANG_WARN_INT_CONVERSION = YES;
				CLANG_WARN_NON_LITERAL_NULL_CONVERSION = YES;
				CLANG_WARN_OBJC_IMPLICIT_RETAIN_SELF = YES;
				CLANG_WARN_OBJC_LITERAL_CONVERSION = YES;
				CLANG_WARN_OBJC_ROOT_CLASS = YES_ERROR;
				CLANG_WARN_RANGE_LOOP_ANALYSIS = YES;
				CLANG_WARN_STRICT_PROTOTYPES = YES;
				CLANG_WARN_SUSPICIOUS_MOVE = YES;
				CLANG_WARN_UNGUARDED_AVAILABILITY = YES_AGGRESSIVE;
				CLANG_WARN_UNREACHABLE_CODE = YES;
				CLANG_WARN__DUPLICATE_METHOD_MATCH = YES;
				CODE_SIGN_IDENTITY = "iPhone Developer";
				COPY_PHASE_STRIP = NO;
				DEBUG_INFORMATION_FORMAT = dwarf;
				ENABLE_STRICT_OBJC_MSGSEND = YES;
				ENABLE_TESTABILITY = YES;
				GCC_C_LANGUAGE_STANDARD = gnu11;
				GCC_DYNAMIC_NO_PIC = NO;
				GCC_NO_COMMON_BLOCKS = YES;
				GCC_OPTIMIZATION_LEVEL = 0;
				GCC_PREPROCESSOR_DEFINITIONS = (
					"DEBUG=1",
					"$(inherited)",
				);
				GCC_WARN_64_TO_32_BIT_CONVERSION = YES;
				GCC_WARN_ABOUT_RETURN_TYPE = YES_ERROR;
				GCC_WARN_UNDECLARED_SELECTOR = YES;
				GCC_WARN_UNINITIALIZED_AUTOS = YES_AGGRESSIVE;
				GCC_WARN_UNUSED_FUNCTION = YES;
				GCC_WARN_UNUSED_VARIABLE = YES;
				IPHONEOS_DEPLOYMENT_TARGET = 12.4;
				MTL_ENABLE_DEBUG_INFO = INCLUDE_SOURCE;
				MTL_FAST_MATH = YES;
				ONLY_ACTIVE_ARCH = YES;
				SDKROOT = iphoneos;
				SWIFT_ACTIVE_COMPILATION_CONDITIONS = DEBUG;
				SWIFT_OPTIMIZATION_LEVEL = "-Onone";
			};
			name = Debug;
		};
		9F46C43F230955110005DCEA /* Release */ = {
			isa = XCBuildConfiguration;
			buildSettings = {
				ALWAYS_SEARCH_USER_PATHS = NO;
				CLANG_ANALYZER_NONNULL = YES;
				CLANG_ANALYZER_NUMBER_OBJECT_CONVERSION = YES_AGGRESSIVE;
				CLANG_CXX_LANGUAGE_STANDARD = "gnu++14";
				CLANG_CXX_LIBRARY = "libc++";
				CLANG_ENABLE_MODULES = YES;
				CLANG_ENABLE_OBJC_ARC = YES;
				CLANG_ENABLE_OBJC_WEAK = YES;
				CLANG_WARN_BLOCK_CAPTURE_AUTORELEASING = YES;
				CLANG_WARN_BOOL_CONVERSION = YES;
				CLANG_WARN_COMMA = YES;
				CLANG_WARN_CONSTANT_CONVERSION = YES;
				CLANG_WARN_DEPRECATED_OBJC_IMPLEMENTATIONS = YES;
				CLANG_WARN_DIRECT_OBJC_ISA_USAGE = YES_ERROR;
				CLANG_WARN_DOCUMENTATION_COMMENTS = YES;
				CLANG_WARN_EMPTY_BODY = YES;
				CLANG_WARN_ENUM_CONVERSION = YES;
				CLANG_WARN_INFINITE_RECURSION = YES;
				CLANG_WARN_INT_CONVERSION = YES;
				CLANG_WARN_NON_LITERAL_NULL_CONVERSION = YES;
				CLANG_WARN_OBJC_IMPLICIT_RETAIN_SELF = YES;
				CLANG_WARN_OBJC_LITERAL_CONVERSION = YES;
				CLANG_WARN_OBJC_ROOT_CLASS = YES_ERROR;
				CLANG_WARN_RANGE_LOOP_ANALYSIS = YES;
				CLANG_WARN_STRICT_PROTOTYPES = YES;
				CLANG_WARN_SUSPICIOUS_MOVE = YES;
				CLANG_WARN_UNGUARDED_AVAILABILITY = YES_AGGRESSIVE;
				CLANG_WARN_UNREACHABLE_CODE = YES;
				CLANG_WARN__DUPLICATE_METHOD_MATCH = YES;
				CODE_SIGN_IDENTITY = "iPhone Developer";
				COPY_PHASE_STRIP = NO;
				DEBUG_INFORMATION_FORMAT = "dwarf-with-dsym";
				ENABLE_NS_ASSERTIONS = NO;
				ENABLE_STRICT_OBJC_MSGSEND = YES;
				GCC_C_LANGUAGE_STANDARD = gnu11;
				GCC_NO_COMMON_BLOCKS = YES;
				GCC_WARN_64_TO_32_BIT_CONVERSION = YES;
				GCC_WARN_ABOUT_RETURN_TYPE = YES_ERROR;
				GCC_WARN_UNDECLARED_SELECTOR = YES;
				GCC_WARN_UNINITIALIZED_AUTOS = YES_AGGRESSIVE;
				GCC_WARN_UNUSED_FUNCTION = YES;
				GCC_WARN_UNUSED_VARIABLE = YES;
				IPHONEOS_DEPLOYMENT_TARGET = 12.4;
				MTL_ENABLE_DEBUG_INFO = NO;
				MTL_FAST_MATH = YES;
				SDKROOT = iphoneos;
				SWIFT_COMPILATION_MODE = wholemodule;
				SWIFT_OPTIMIZATION_LEVEL = "-O";
				VALIDATE_PRODUCT = YES;
			};
			name = Release;
		};
		9F46C441230955110005DCEA /* Debug */ = {
			isa = XCBuildConfiguration;
			baseConfigurationReference = FF2D2B517D4EFCAB41C1DE7A /* Pods-NexSeedChat.debug.xcconfig */;
			buildSettings = {
				ASSETCATALOG_COMPILER_APPICON_NAME = AppIcon;
				CODE_SIGN_STYLE = Automatic;
				DEVELOPMENT_TEAM = R33L9N7UCD;
				INFOPLIST_FILE = NexSeedChat/Info.plist;
				LD_RUNPATH_SEARCH_PATHS = (
					"$(inherited)",
					"@executable_path/Frameworks",
				);
				PRODUCT_BUNDLE_IDENTIFIER = com.practice.NexSeedChat;
				PRODUCT_NAME = "$(TARGET_NAME)";
				SWIFT_VERSION = 5.0;
				TARGETED_DEVICE_FAMILY = "1,2";
			};
			name = Debug;
		};
		9F46C442230955110005DCEA /* Release */ = {
			isa = XCBuildConfiguration;
			baseConfigurationReference = 44D948E1693D1707044616C9 /* Pods-NexSeedChat.release.xcconfig */;
			buildSettings = {
				ASSETCATALOG_COMPILER_APPICON_NAME = AppIcon;
				CODE_SIGN_STYLE = Automatic;
				DEVELOPMENT_TEAM = R33L9N7UCD;
				INFOPLIST_FILE = NexSeedChat/Info.plist;
				LD_RUNPATH_SEARCH_PATHS = (
					"$(inherited)",
					"@executable_path/Frameworks",
				);
				PRODUCT_BUNDLE_IDENTIFIER = com.practice.NexSeedChat;
				PRODUCT_NAME = "$(TARGET_NAME)";
				SWIFT_VERSION = 5.0;
				TARGETED_DEVICE_FAMILY = "1,2";
			};
			name = Release;
		};
/* End XCBuildConfiguration section */

/* Begin XCConfigurationList section */
		9F46C429230955100005DCEA /* Build configuration list for PBXProject "NexSeedChat" */ = {
			isa = XCConfigurationList;
			buildConfigurations = (
				9F46C43E230955110005DCEA /* Debug */,
				9F46C43F230955110005DCEA /* Release */,
			);
			defaultConfigurationIsVisible = 0;
			defaultConfigurationName = Release;
		};
		9F46C440230955110005DCEA /* Build configuration list for PBXNativeTarget "NexSeedChat" */ = {
			isa = XCConfigurationList;
			buildConfigurations = (
				9F46C441230955110005DCEA /* Debug */,
				9F46C442230955110005DCEA /* Release */,
			);
			defaultConfigurationIsVisible = 0;
			defaultConfigurationName = Release;
		};
/* End XCConfigurationList section */
	};
	rootObject = 9F46C426230955100005DCEA /* Project object */;
}
